
Microsoft Visual Studio Solution File, Format Version 12.00
# Visual Studio 15
VisualStudioVersion = 15.0.27004.2010
MinimumVisualStudioVersion = 10.0.40219.1
Project("{FAE04EC0-301F-11D3-BF4B-00C04F79EFBC}") = "CSharpInterfaces", "CSharpInterfaces\CSharpInterfaces.csproj", "{6661D3B5-903D-430E-9EE1-4D42A40781DF}"
EndProject
Global
	GlobalSection(SolutionConfigurationPlatforms) = preSolution
		Debug|Any CPU = Debug|Any CPU
		Release|Any CPU = Release|Any CPU
	EndGlobalSection
	GlobalSection(ProjectConfigurationPlatforms) = postSolution
		{6661D3B5-903D-430E-9EE1-4D42A40781DF}.Debug|Any CPU.ActiveCfg = Debug|Any CPU
		{6661D3B5-903D-430E-9EE1-4D42A40781DF}.Debug|Any CPU.Build.0 = Debug|Any CPU
		{6661D3B5-903D-430E-9EE1-4D42A40781DF}.Release|Any CPU.ActiveCfg = Release|Any CPU
		{6661D3B5-903D-430E-9EE1-4D42A40781DF}.Release|Any CPU.Build.0 = Release|Any CPU
	EndGlobalSection
	GlobalSection(SolutionProperties) = preSolution
		HideSolutionNode = FALSE
	EndGlobalSection
	GlobalSection(ExtensibilityGlobals) = postSolution
		SolutionGuid = {CBF9389A-15BF-45BB-8766-495F28380425}
	EndGlobalSection
EndGlobal
